
Microsoft Visual Studio Solution File, Format Version 12.00
# Visual Studio 15
VisualStudioVersion = 15.0.28010.2036
MinimumVisualStudioVersion = 10.0.40219.1
Project("{9A19103F-16F7-4668-BE54-9A1E7A4F7556}") = "NCL.Entity", "NCL.Entity\NCL.Entity.csproj", "{3C3319C2-1A88-447C-B284-ACFFDCE4812B}"
EndProject
Project("{9A19103F-16F7-4668-BE54-9A1E7A4F7556}") = "NCL.LuceneService", "NCL.LuceneService\NCL.LuceneService.csproj", "{C13D1BA5-37AB-4AE1-B7F5-947476EB2D37}"
EndProject
Project("{9A19103F-16F7-4668-BE54-9A1E7A4F7556}") = "NCL.Helper", "NCL.Helper\NCL.Helper.csproj", "{120796C2-B1D5-4D8E-9FB3-BDA86D0F8550}"
EndProject
Project("{FAE04EC0-301F-11D3-BF4B-00C04F79EFBC}") = "NetCoreTest", "NetCoreTest\NetCoreTest.csproj", "{5383E89C-9367-4C3D-8FFE-5E928DD4F370}"
EndProject
Project("{FAE04EC0-301F-11D3-BF4B-00C04F79EFBC}") = "NCL.Web", "NCL.Web\NCL.Web.csproj", "{ED145AAD-0AE4-4F5B-BAD9-CCE4D6024720}"
EndProject
Global
	GlobalSection(SolutionConfigurationPlatforms) = preSolution
		Debug|Any CPU = Debug|Any CPU
		Release|Any CPU = Release|Any CPU
	EndGlobalSection
	GlobalSection(ProjectConfigurationPlatforms) = postSolution
		{3C3319C2-1A88-447C-B284-ACFFDCE4812B}.Debug|Any CPU.ActiveCfg = Debug|Any CPU
		{3C3319C2-1A88-447C-B284-ACFFDCE4812B}.Debug|Any CPU.Build.0 = Debug|Any CPU
		{3C3319C2-1A88-447C-B284-ACFFDCE4812B}.Release|Any CPU.ActiveCfg = Release|Any CPU
		{3C3319C2-1A88-447C-B284-ACFFDCE4812B}.Release|Any CPU.Build.0 = Release|Any CPU
		{C13D1BA5-37AB-4AE1-B7F5-947476EB2D37}.Debug|Any CPU.ActiveCfg = Debug|Any CPU
		{C13D1BA5-37AB-4AE1-B7F5-947476EB2D37}.Debug|Any CPU.Build.0 = Debug|Any CPU
		{C13D1BA5-37AB-4AE1-B7F5-947476EB2D37}.Release|Any CPU.ActiveCfg = Release|Any CPU
		{C13D1BA5-37AB-4AE1-B7F5-947476EB2D37}.Release|Any CPU.Build.0 = Release|Any CPU
		{120796C2-B1D5-4D8E-9FB3-BDA86D0F8550}.Debug|Any CPU.ActiveCfg = Debug|Any CPU
		{120796C2-B1D5-4D8E-9FB3-BDA86D0F8550}.Debug|Any CPU.Build.0 = Debug|Any CPU
		{120796C2-B1D5-4D8E-9FB3-BDA86D0F8550}.Release|Any CPU.ActiveCfg = Release|Any CPU
		{120796C2-B1D5-4D8E-9FB3-BDA86D0F8550}.Release|Any CPU.Build.0 = Release|Any CPU
		{5383E89C-9367-4C3D-8FFE-5E928DD4F370}.Debug|Any CPU.ActiveCfg = Debug|Any CPU
		{5383E89C-9367-4C3D-8FFE-5E928DD4F370}.Debug|Any CPU.Build.0 = Debug|Any CPU
		{5383E89C-9367-4C3D-8FFE-5E928DD4F370}.Release|Any CPU.ActiveCfg = Release|Any CPU
		{5383E89C-9367-4C3D-8FFE-5E928DD4F370}.Release|Any CPU.Build.0 = Release|Any CPU
		{ED145AAD-0AE4-4F5B-BAD9-CCE4D6024720}.Debug|Any CPU.ActiveCfg = Debug|Any CPU
		{ED145AAD-0AE4-4F5B-BAD9-CCE4D6024720}.Debug|Any CPU.Build.0 = Debug|Any CPU
		{ED145AAD-0AE4-4F5B-BAD9-CCE4D6024720}.Release|Any CPU.ActiveCfg = Release|Any CPU
		{ED145AAD-0AE4-4F5B-BAD9-CCE4D6024720}.Release|Any CPU.Build.0 = Release|Any CPU
	EndGlobalSection
	GlobalSection(SolutionProperties) = preSolution
		HideSolutionNode = FALSE
	EndGlobalSection
	GlobalSection(ExtensibilityGlobals) = postSolution
		SolutionGuid = {0CF052DB-C34C-4BAB-A5E3-89FA094C2B6F}
	EndGlobalSection
EndGlobal
